
Microsoft Visual Studio Solution File, Format Version 12.00
# Visual Studio Version 17
VisualStudioVersion = 17.8.34330.188
MinimumVisualStudioVersion = 10.0.40219.1
Project("{FAE04EC0-301F-11D3-BF4B-00C04F79EFBC}") = "RSAKeyReader", "RSAKeyReader\RSAKeyReader.csproj", "{801CCFD7-7D54-463E-8E00-D07B50AE4082}"
EndProject
Global
	GlobalSection(SolutionConfigurationPlatforms) = preSolution
		Debug|Any CPU = Debug|Any CPU
		Release|Any CPU = Release|Any CPU
	EndGlobalSection
	GlobalSection(ProjectConfigurationPlatforms) = postSolution
		{801CCFD7-7D54-463E-8E00-D07B50AE4082}.Debug|Any CPU.ActiveCfg = Debug|Any CPU
		{801CCFD7-7D54-463E-8E00-D07B50AE4082}.Debug|Any CPU.Build.0 = Debug|Any CPU
		{801CCFD7-7D54-463E-8E00-D07B50AE4082}.Release|Any CPU.ActiveCfg = Release|Any CPU
		{801CCFD7-7D54-463E-8E00-D07B50AE4082}.Release|Any CPU.Build.0 = Release|Any CPU
	EndGlobalSection
	GlobalSection(SolutionProperties) = preSolution
		HideSolutionNode = FALSE
	EndGlobalSection
	GlobalSection(ExtensibilityGlobals) = postSolution
		SolutionGuid = {6E312B8D-8A43-4079-9972-D404F465BBF8}
	EndGlobalSection
EndGlobal
